{
  "name": "@drecom/scene-graph-cocos-fittext-cli",
  "version": "1.0.0",
  "lockfileVersion": 1,
  "requires": true,
  "dependencies": {
    "@drecom/scene-graph-cocos-cli": {
      "version": "1.0.2",
      "resolved": "https://registry.npmjs.org/@drecom/scene-graph-cocos-cli/-/scene-graph-cocos-cli-1.0.2.tgz",
      "integrity": "sha512-uncRz/3fkQG9VVRzkyKrzJFsI4Xz6WCqBVpz76LY+83/MUr7a2mjT3GfBuY9MXmxG+k0E4qd13bXDTXKL1PbBw==",
      "dev": true
    },
    "@drecom/scene-graph-mediator-cli": {
      "version": "1.2.1",
      "resolved": "https://registry.npmjs.org/@drecom/scene-graph-mediator-cli/-/scene-graph-mediator-cli-1.2.1.tgz",
      "integrity": "sha512-vUAGdi9wCfUDrZlrsI0oZGP9YHXSBpvZPhjgsgDLsdzhouomMO5un6Ht6iyzTq5zqvPvqqkp2GKDsF+X/dxu+w==",
      "dev": true,
      "requires": {
        "commander": "^2.19.0"
      }
    },
    "@drecom/scene-graph-schema": {
      "version": "0.1.2",
      "resolved": "https://registry.npmjs.org/@drecom/scene-graph-schema/-/scene-graph-schema-0.1.2.tgz",
      "integrity": "sha512-DPrUlswDF7YBbHRF1VPw0h1BKsI6g0PfReVj1G5GPUAaF0jj8IJ1Eq64/icmhqI0nP1JWqiDKcjhbMubgrEJXw==",
      "dev": true,
      "requires": {
        "jsonschema": "^1.2.4"
      }
    },
    "commander": {
      "version": "2.20.0",
      "resolved": "https://registry.npmjs.org/commander/-/commander-2.20.0.tgz",
      "integrity": "sha512-7j2y+40w61zy6YC2iRNpUe/NwhNyoXrYpHMrSunaMG64nRnaf96zO/KMQR4OyN/UnE5KLyEBnKHd4aG3rskjpQ==",
      "dev": true
    },
    "jsonschema": {
      "version": "1.2.4",
      "resolved": "https://registry.npmjs.org/jsonschema/-/jsonschema-1.2.4.tgz",
      "integrity": "sha512-lz1nOH69GbsVHeVgEdvyavc/33oymY1AZwtePMiMj4HZPMbP5OIKK3zT9INMWjwua/V4Z4yq7wSlBbSG+g4AEw==",
      "dev": true
    },
    "typescript": {
      "version": "3.5.1",
      "resolved": "https://registry.npmjs.org/typescript/-/typescript-3.5.1.tgz",
      "integrity": "sha512-64HkdiRv1yYZsSe4xC1WVgamNigVYjlssIoaH2HcZF0+ijsk5YK2g0G34w9wJkze8+5ow4STd22AynfO6ZYYLw==",
      "dev": true
    }
  }
}
